
Microsoft Visual Studio Solution File, Format Version 12.00
# Visual Studio Version 17
VisualStudioVersion = 17.11.35219.272
MinimumVisualStudioVersion = 10.0.40219.1
Project("{9A19103F-16F7-4668-BE54-9A1E7A4F7556}") = "dyscalculia-helper-front", "dyscalculia-helper\dyscalculia-helper-front.csproj", "{3EC39AAA-4AAB-453D-B33A-5CDECDA59CF6}"
EndProject
Project("{9A19103F-16F7-4668-BE54-9A1E7A4F7556}") = "dyscalculia-helper-lib", "dyscalculia-helper-lib\dyscalculia-helper-lib.csproj", "{0384415A-B886-48DD-BD02-25DF875E63FE}"
EndProject
Global
	GlobalSection(SolutionConfigurationPlatforms) = preSolution
		Debug|Any CPU = Debug|Any CPU
		Release|Any CPU = Release|Any CPU
	EndGlobalSection
	GlobalSection(ProjectConfigurationPlatforms) = postSolution
		{3EC39AAA-4AAB-453D-B33A-5CDECDA59CF6}.Debug|Any CPU.ActiveCfg = Debug|Any CPU
		{3EC39AAA-4AAB-453D-B33A-5CDECDA59CF6}.Debug|Any CPU.Build.0 = Debug|Any CPU
		{3EC39AAA-4AAB-453D-B33A-5CDECDA59CF6}.Release|Any CPU.ActiveCfg = Release|Any CPU
		{3EC39AAA-4AAB-453D-B33A-5CDECDA59CF6}.Release|Any CPU.Build.0 = Release|Any CPU
		{0384415A-B886-48DD-BD02-25DF875E63FE}.Debug|Any CPU.ActiveCfg = Debug|Any CPU
		{0384415A-B886-48DD-BD02-25DF875E63FE}.Debug|Any CPU.Build.0 = Debug|Any CPU
		{0384415A-B886-48DD-BD02-25DF875E63FE}.Release|Any CPU.ActiveCfg = Release|Any CPU
		{0384415A-B886-48DD-BD02-25DF875E63FE}.Release|Any CPU.Build.0 = Release|Any CPU
	EndGlobalSection
	GlobalSection(SolutionProperties) = preSolution
		HideSolutionNode = FALSE
	EndGlobalSection
	GlobalSection(ExtensibilityGlobals) = postSolution
		SolutionGuid = {4EF30771-BFBB-4487-8B41-06F43130E535}
	EndGlobalSection
EndGlobal
